// !$*UTF8*$!
{
	archiveVersion = 1;
	classes = {
	};
	objectVersion = 46;
	objects = {

/* Begin PBXBuildFile section */
		940B05E216C458B5003D5F41 /* spade_30x30.png in Resources */ = {isa = PBXBuildFile; fileRef = 940B05E016C458B5003D5F41 /* spade_30x30.png */; };
		940B05E316C458B5003D5F41 /* spade_60x60.png in Resources */ = {isa = PBXBuildFile; fileRef = 940B05E116C458B5003D5F41 /* spade_60x60.png */; };
		940B05E616C45A39003D5F41 /* square_30x30.png in Resources */ = {isa = PBXBuildFile; fileRef = 940B05E416C45A39003D5F41 /* square_30x30.png */; };
		940B05E716C45A39003D5F41 /* square_60x60.png in Resources */ = {isa = PBXBuildFile; fileRef = 940B05E516C45A39003D5F41 /* square_60x60.png */; };
		944F36E916CAED9600AB14E6 /* SetGameViewController.m in Sources */ = {isa = PBXBuildFile; fileRef = 944F36E816CAED9600AB14E6 /* SetGameViewController.m */; };
		945770B216C30B1800FDDD84 /* SetCard.m in Sources */ = {isa = PBXBuildFile; fileRef = 945770B116C30B1800FDDD84 /* SetCard.m */; };
		945770B516C312D900FDDD84 /* SetCardDeck.m in Sources */ = {isa = PBXBuildFile; fileRef = 945770B416C312D900FDDD84 /* SetCardDeck.m */; };
		948384BE16C45BFD00BE22F2 /* GameResultViewController.m in Sources */ = {isa = PBXBuildFile; fileRef = 948384BD16C45BFD00BE22F2 /* GameResultViewController.m */; };
		949DF02A16CAAC4400D0EEA8 /* Settings.m in Sources */ = {isa = PBXBuildFile; fileRef = 949DF02916CAAC4400D0EEA8 /* Settings.m */; };
		949DF02D16CADDED00D0EEA8 /* MatchGameViewController.m in Sources */ = {isa = PBXBuildFile; fileRef = 949DF02C16CADDED00D0EEA8 /* MatchGameViewController.m */; };
		94AE676416C7059C0006550D /* cardback.png in Resources */ = {isa = PBXBuildFile; fileRef = 94AE676316C7059C0006550D /* cardback.png */; };
		94AE676616C806690006550D /* cardHighlight.png in Resources */ = {isa = PBXBuildFile; fileRef = 94AE676516C806690006550D /* cardHighlight.png */; };
		94AE676916C8518C0006550D /* trophy_30x30.png in Resources */ = {isa = PBXBuildFile; fileRef = 94AE676716C8518C0006550D /* trophy_30x30.png */; };
		94AE676A16C8518C0006550D /* trophy_60x60.png in Resources */ = {isa = PBXBuildFile; fileRef = 94AE676816C8518C0006550D /* trophy_60x60.png */; };
		94AE676D16CA9A670006550D /* SettingsViewController.m in Sources */ = {isa = PBXBuildFile; fileRef = 94AE676C16CA9A670006550D /* SettingsViewController.m */; };
		94AE677016CA9F190006550D /* gear_30x30.png in Resources */ = {isa = PBXBuildFile; fileRef = 94AE676E16CA9F190006550D /* gear_30x30.png */; };
		94AE677116CA9F190006550D /* gear_60x60.png in Resources */ = {isa = PBXBuildFile; fileRef = 94AE676F16CA9F190006550D /* gear_60x60.png */; };
		94C4C0A916B9A44300754D57 /* CardMatchingGame.m in Sources */ = {isa = PBXBuildFile; fileRef = 94C4C0A816B9A44300754D57 /* CardMatchingGame.m */; };
		94D9D20116B8E36E00CB6E14 /* Card.m in Sources */ = {isa = PBXBuildFile; fileRef = 94D9D20016B8E36E00CB6E14 /* Card.m */; };
		94D9D20416B8E39C00CB6E14 /* Deck.m in Sources */ = {isa = PBXBuildFile; fileRef = 94D9D20316B8E39C00CB6E14 /* Deck.m */; };
		94D9D20816B8E3DD00CB6E14 /* PlayingCard.m in Sources */ = {isa = PBXBuildFile; fileRef = 94D9D20716B8E3DD00CB6E14 /* PlayingCard.m */; };
		94D9D20B16B8E47F00CB6E14 /* PlayingCardDeck.m in Sources */ = {isa = PBXBuildFile; fileRef = 94D9D20A16B8E47F00CB6E14 /* PlayingCardDeck.m */; };
		94DAB9E916C569F3002BFEDB /* GameResult.m in Sources */ = {isa = PBXBuildFile; fileRef = 94DAB9E816C569F3002BFEDB /* GameResult.m */; };
		94EC08DE16B8D0EE00AC2F84 /* UIKit.framework in Frameworks */ = {isa = PBXBuildFile; fileRef = 94EC08DD16B8D0EE00AC2F84 /* UIKit.framework */; };
		94EC08E016B8D0EE00AC2F84 /* Foundation.framework in Frameworks */ = {isa = PBXBuildFile; fileRef = 94EC08DF16B8D0EE00AC2F84 /* Foundation.framework */; };
		94EC08E216B8D0EE00AC2F84 /* CoreGraphics.framework in Frameworks */ = {isa = PBXBuildFile; fileRef = 94EC08E116B8D0EE00AC2F84 /* CoreGraphics.framework */; };
		94EC08E816B8D0EE00AC2F84 /* InfoPlist.strings in Resources */ = {isa = PBXBuildFile; fileRef = 94EC08E616B8D0EE00AC2F84 /* InfoPlist.strings */; };
		94EC08EA16B8D0EE00AC2F84 /* main.m in Sources */ = {isa = PBXBuildFile; fileRef = 94EC08E916B8D0EE00AC2F84 /* main.m */; };
		94EC08EE16B8D0EE00AC2F84 /* CardGameAppDelegate.m in Sources */ = {isa = PBXBuildFile; fileRef = 94EC08ED16B8D0EE00AC2F84 /* CardGameAppDelegate.m */; };
		94EC08F016B8D0EE00AC2F84 /* Default.png in Resources */ = {isa = PBXBuildFile; fileRef = 94EC08EF16B8D0EE00AC2F84 /* Default.png */; };
		94EC08F216B8D0EE00AC2F84 /* Default@2x.png in Resources */ = {isa = PBXBuildFile; fileRef = 94EC08F116B8D0EE00AC2F84 /* Default@2x.png */; };
		94EC08F416B8D0EE00AC2F84 /* Default-568h@2x.png in Resources */ = {isa = PBXBuildFile; fileRef = 94EC08F316B8D0EE00AC2F84 /* Default-568h@2x.png */; };
		94EC08F716B8D0EE00AC2F84 /* MainStoryboard.storyboard in Resources */ = {isa = PBXBuildFile; fileRef = 94EC08F516B8D0EE00AC2F84 /* MainStoryboard.storyboard */; };
		94EC08FA16B8D0EE00AC2F84 /* CardGameViewController.m in Sources */ = {isa = PBXBuildFile; fileRef = 94EC08F916B8D0EE00AC2F84 /* CardGameViewController.m */; };
/* End PBXBuildFile section */

/* Begin PBXFileReference section */
		940B05E016C458B5003D5F41 /* spade_30x30.png */ = {isa = PBXFileReference; lastKnownFileType = image.png; path = spade_30x30.png; sourceTree = "<group>"; };
		940B05E116C458B5003D5F41 /* spade_60x60.png */ = {isa = PBXFileReference; lastKnownFileType = image.png; path = spade_60x60.png; sourceTree = "<group>"; };
		940B05E416C45A39003D5F41 /* square_30x30.png */ = {isa = PBXFileReference; lastKnownFileType = image.png; path = square_30x30.png; sourceTree = "<group>"; };
		940B05E516C45A39003D5F41 /* square_60x60.png */ = {isa = PBXFileReference; lastKnownFileType = image.png; path = square_60x60.png; sourceTree = "<group>"; };
		944F36E716CAED9600AB14E6 /* SetGameViewController.h */ = {isa = PBXFileReference; fileEncoding = 4; lastKnownFileType = sourcecode.c.h; path = SetGameViewController.h; sourceTree = "<group>"; };
		944F36E816CAED9600AB14E6 /* SetGameViewController.m */ = {isa = PBXFileReference; fileEncoding = 4; lastKnownFileType = sourcecode.c.objc; path = SetGameViewController.m; sourceTree = "<group>"; };
		945770B016C30B1800FDDD84 /* SetCard.h */ = {isa = PBXFileReference; fileEncoding = 4; lastKnownFileType = sourcecode.c.h; name = SetCard.h; path = Model/SetCard.h; sourceTree = "<group>"; };
		945770B116C30B1800FDDD84 /* SetCard.m */ = {isa = PBXFileReference; fileEncoding = 4; lastKnownFileType = sourcecode.c.objc; name = SetCard.m; path = Model/SetCard.m; sourceTree = "<group>"; };
		945770B316C312D900FDDD84 /* SetCardDeck.h */ = {isa = PBXFileReference; fileEncoding = 4; lastKnownFileType = sourcecode.c.h; name = SetCardDeck.h; path = Model/SetCardDeck.h; sourceTree = "<group>"; };
		945770B416C312D900FDDD84 /* SetCardDeck.m */ = {isa = PBXFileReference; fileEncoding = 4; lastKnownFileType = sourcecode.c.objc; name = SetCardDeck.m; path = Model/SetCardDeck.m; sourceTree = "<group>"; };
		948384BC16C45BFD00BE22F2 /* GameResultViewController.h */ = {isa = PBXFileReference; fileEncoding = 4; lastKnownFileType = sourcecode.c.h; path = GameResultViewController.h; sourceTree = "<group>"; };
		948384BD16C45BFD00BE22F2 /* GameResultViewController.m */ = {isa = PBXFileReference; fileEncoding = 4; lastKnownFileType = sourcecode.c.objc; path = GameResultViewController.m; sourceTree = "<group>"; };
		949DF02816CAAC4400D0EEA8 /* Settings.h */ = {isa = PBXFileReference; fileEncoding = 4; lastKnownFileType = sourcecode.c.h; path = Settings.h; sourceTree = "<group>"; };
		949DF02916CAAC4400D0EEA8 /* Settings.m */ = {isa = PBXFileReference; fileEncoding = 4; lastKnownFileType = sourcecode.c.objc; path = Settings.m; sourceTree = "<group>"; };
		949DF02B16CADDED00D0EEA8 /* MatchGameViewController.h */ = {isa = PBXFileReference; fileEncoding = 4; lastKnownFileType = sourcecode.c.h; path = MatchGameViewController.h; sourceTree = "<group>"; };
		949DF02C16CADDED00D0EEA8 /* MatchGameViewController.m */ = {isa = PBXFileReference; fileEncoding = 4; lastKnownFileType = sourcecode.c.objc; path = MatchGameViewController.m; sourceTree = "<group>"; };
		94AE676316C7059C0006550D /* cardback.png */ = {isa = PBXFileReference; lastKnownFileType = image.png; path = cardback.png; sourceTree = "<group>"; };
		94AE676516C806690006550D /* cardHighlight.png */ = {isa = PBXFileReference; lastKnownFileType = image.png; path = cardHighlight.png; sourceTree = "<group>"; };
		94AE676716C8518C0006550D /* trophy_30x30.png */ = {isa = PBXFileReference; lastKnownFileType = image.png; path = trophy_30x30.png; sourceTree = "<group>"; };
		94AE676816C8518C0006550D /* trophy_60x60.png */ = {isa = PBXFileReference; lastKnownFileType = image.png; path = trophy_60x60.png; sourceTree = "<group>"; };
		94AE676B16CA9A670006550D /* SettingsViewController.h */ = {isa = PBXFileReference; fileEncoding = 4; lastKnownFileType = sourcecode.c.h; path = SettingsViewController.h; sourceTree = "<group>"; };
		94AE676C16CA9A670006550D /* SettingsViewController.m */ = {isa = PBXFileReference; fileEncoding = 4; lastKnownFileType = sourcecode.c.objc; path = SettingsViewController.m; sourceTree = "<group>"; };
		94AE676E16CA9F190006550D /* gear_30x30.png */ = {isa = PBXFileReference; lastKnownFileType = image.png; path = gear_30x30.png; sourceTree = "<group>"; };
		94AE676F16CA9F190006550D /* gear_60x60.png */ = {isa = PBXFileReference; lastKnownFileType = image.png; path = gear_60x60.png; sourceTree = "<group>"; };
		94C4C0A716B9A44300754D57 /* CardMatchingGame.h */ = {isa = PBXFileReference; fileEncoding = 4; lastKnownFileType = sourcecode.c.h; name = CardMatchingGame.h; path = Model/CardMatchingGame.h; sourceTree = "<group>"; };
		94C4C0A816B9A44300754D57 /* CardMatchingGame.m */ = {isa = PBXFileReference; fileEncoding = 4; lastKnownFileType = sourcecode.c.objc; name = CardMatchingGame.m; path = Model/CardMatchingGame.m; sourceTree = "<group>"; };
		94D9D1FF16B8E36E00CB6E14 /* Card.h */ = {isa = PBXFileReference; fileEncoding = 4; lastKnownFileType = sourcecode.c.h; name = Card.h; path = Model/Card.h; sourceTree = "<group>"; };
		94D9D20016B8E36E00CB6E14 /* Card.m */ = {isa = PBXFileReference; fileEncoding = 4; lastKnownFileType = sourcecode.c.objc; name = Card.m; path = Model/Card.m; sourceTree = "<group>"; };
		94D9D20216B8E39C00CB6E14 /* Deck.h */ = {isa = PBXFileReference; fileEncoding = 4; lastKnownFileType = sourcecode.c.h; name = Deck.h; path = Model/Deck.h; sourceTree = "<group>"; };
		94D9D20316B8E39C00CB6E14 /* Deck.m */ = {isa = PBXFileReference; fileEncoding = 4; lastKnownFileType = sourcecode.c.objc; name = Deck.m; path = Model/Deck.m; sourceTree = "<group>"; };
		94D9D20616B8E3DD00CB6E14 /* PlayingCard.h */ = {isa = PBXFileReference; fileEncoding = 4; lastKnownFileType = sourcecode.c.h; name = PlayingCard.h; path = Model/PlayingCard.h; sourceTree = "<group>"; };
		94D9D20716B8E3DD00CB6E14 /* PlayingCard.m */ = {isa = PBXFileReference; fileEncoding = 4; lastKnownFileType = sourcecode.c.objc; name = PlayingCard.m; path = Model/PlayingCard.m; sourceTree = "<group>"; };
		94D9D20916B8E47F00CB6E14 /* PlayingCardDeck.h */ = {isa = PBXFileReference; fileEncoding = 4; lastKnownFileType = sourcecode.c.h; name = PlayingCardDeck.h; path = Model/PlayingCardDeck.h; sourceTree = "<group>"; };
		94D9D20A16B8E47F00CB6E14 /* PlayingCardDeck.m */ = {isa = PBXFileReference; fileEncoding = 4; lastKnownFileType = sourcecode.c.objc; name = PlayingCardDeck.m; path = Model/PlayingCardDeck.m; sourceTree = "<group>"; };
		94DAB9E716C569F3002BFEDB /* GameResult.h */ = {isa = PBXFileReference; fileEncoding = 4; lastKnownFileType = sourcecode.c.h; path = GameResult.h; sourceTree = "<group>"; };
		94DAB9E816C569F3002BFEDB /* GameResult.m */ = {isa = PBXFileReference; fileEncoding = 4; lastKnownFileType = sourcecode.c.objc; path = GameResult.m; sourceTree = "<group>"; };
		94EC08D916B8D0EE00AC2F84 /* Matchismo.app */ = {isa = PBXFileReference; explicitFileType = wrapper.application; includeInIndex = 0; path = Matchismo.app; sourceTree = BUILT_PRODUCTS_DIR; };
		94EC08DD16B8D0EE00AC2F84 /* UIKit.framework */ = {isa = PBXFileReference; lastKnownFileType = wrapper.framework; name = UIKit.framework; path = System/Library/Frameworks/UIKit.framework; sourceTree = SDKROOT; };
		94EC08DF16B8D0EE00AC2F84 /* Foundation.framework */ = {isa = PBXFileReference; lastKnownFileType = wrapper.framework; name = Foundation.framework; path = System/Library/Frameworks/Foundation.framework; sourceTree = SDKROOT; };
		94EC08E116B8D0EE00AC2F84 /* CoreGraphics.framework */ = {isa = PBXFileReference; lastKnownFileType = wrapper.framework; name = CoreGraphics.framework; path = System/Library/Frameworks/CoreGraphics.framework; sourceTree = SDKROOT; };
		94EC08E516B8D0EE00AC2F84 /* Matchismo-Info.plist */ = {isa = PBXFileReference; lastKnownFileType = text.plist.xml; path = "Matchismo-Info.plist"; sourceTree = "<group>"; };
		94EC08E716B8D0EE00AC2F84 /* en */ = {isa = PBXFileReference; lastKnownFileType = text.plist.strings; name = en; path = en.lproj/InfoPlist.strings; sourceTree = "<group>"; };
		94EC08E916B8D0EE00AC2F84 /* main.m */ = {isa = PBXFileReference; lastKnownFileType = sourcecode.c.objc; path = main.m; sourceTree = "<group>"; };
		94EC08EB16B8D0EE00AC2F84 /* Matchismo-Prefix.pch */ = {isa = PBXFileReference; lastKnownFileType = sourcecode.c.h; path = "Matchismo-Prefix.pch"; sourceTree = "<group>"; };
		94EC08EC16B8D0EE00AC2F84 /* CardGameAppDelegate.h */ = {isa = PBXFileReference; lastKnownFileType = sourcecode.c.h; path = CardGameAppDelegate.h; sourceTree = "<group>"; };
		94EC08ED16B8D0EE00AC2F84 /* CardGameAppDelegate.m */ = {isa = PBXFileReference; lastKnownFileType = sourcecode.c.objc; path = CardGameAppDelegate.m; sourceTree = "<group>"; };
		94EC08EF16B8D0EE00AC2F84 /* Default.png */ = {isa = PBXFileReference; lastKnownFileType = image.png; path = Default.png; sourceTree = "<group>"; };
		94EC08F116B8D0EE00AC2F84 /* Default@2x.png */ = {isa = PBXFileReference; lastKnownFileType = image.png; path = "Default@2x.png"; sourceTree = "<group>"; };
		94EC08F316B8D0EE00AC2F84 /* Default-568h@2x.png */ = {isa = PBXFileReference; lastKnownFileType = image.png; path = "Default-568h@2x.png"; sourceTree = "<group>"; };
		94EC08F616B8D0EE00AC2F84 /* en */ = {isa = PBXFileReference; lastKnownFileType = file.storyboard; name = en; path = en.lproj/MainStoryboard.storyboard; sourceTree = "<group>"; };
		94EC08F816B8D0EE00AC2F84 /* CardGameViewController.h */ = {isa = PBXFileReference; lastKnownFileType = sourcecode.c.h; path = CardGameViewController.h; sourceTree = "<group>"; };
		94EC08F916B8D0EE00AC2F84 /* CardGameViewController.m */ = {isa = PBXFileReference; lastKnownFileType = sourcecode.c.objc; path = CardGameViewController.m; sourceTree = "<group>"; };
/* End PBXFileReference section */

/* Begin PBXFrameworksBuildPhase section */
		94EC08D616B8D0EE00AC2F84 /* Frameworks */ = {
			isa = PBXFrameworksBuildPhase;
			buildActionMask = 2147483647;
			files = (
				94EC08DE16B8D0EE00AC2F84 /* UIKit.framework in Frameworks */,
				94EC08E016B8D0EE00AC2F84 /* Foundation.framework in Frameworks */,
				94EC08E216B8D0EE00AC2F84 /* CoreGraphics.framework in Frameworks */,
			);
			runOnlyForDeploymentPostprocessing = 0;
		};
/* End PBXFrameworksBuildPhase section */

/* Begin PBXGroup section */
		94D9D20516B8E3A300CB6E14 /* Model */ = {
			isa = PBXGroup;
			children = (
				94C4C0A716B9A44300754D57 /* CardMatchingGame.h */,
				94C4C0A816B9A44300754D57 /* CardMatchingGame.m */,
				94D9D1FF16B8E36E00CB6E14 /* Card.h */,
				94D9D20016B8E36E00CB6E14 /* Card.m */,
				94D9D20216B8E39C00CB6E14 /* Deck.h */,
				94D9D20316B8E39C00CB6E14 /* Deck.m */,
				94D9D20616B8E3DD00CB6E14 /* PlayingCard.h */,
				94D9D20716B8E3DD00CB6E14 /* PlayingCard.m */,
				94D9D20916B8E47F00CB6E14 /* PlayingCardDeck.h */,
				94D9D20A16B8E47F00CB6E14 /* PlayingCardDeck.m */,
				945770B016C30B1800FDDD84 /* SetCard.h */,
				945770B116C30B1800FDDD84 /* SetCard.m */,
				945770B316C312D900FDDD84 /* SetCardDeck.h */,
				945770B416C312D900FDDD84 /* SetCardDeck.m */,
			);
			name = Model;
			sourceTree = "<group>";
		};
		94EC08CE16B8D0EE00AC2F84 = {
			isa = PBXGroup;
			children = (
				94EC08E316B8D0EE00AC2F84 /* Matchismo */,
				94EC08DC16B8D0EE00AC2F84 /* Frameworks */,
				94EC08DA16B8D0EE00AC2F84 /* Products */,
			);
			sourceTree = "<group>";
		};
		94EC08DA16B8D0EE00AC2F84 /* Products */ = {
			isa = PBXGroup;
			children = (
				94EC08D916B8D0EE00AC2F84 /* Matchismo.app */,
			);
			name = Products;
			sourceTree = "<group>";
		};
		94EC08DC16B8D0EE00AC2F84 /* Frameworks */ = {
			isa = PBXGroup;
			children = (
				94EC08DD16B8D0EE00AC2F84 /* UIKit.framework */,
				94EC08DF16B8D0EE00AC2F84 /* Foundation.framework */,
				94EC08E116B8D0EE00AC2F84 /* CoreGraphics.framework */,
			);
			name = Frameworks;
			sourceTree = "<group>";
		};
		94EC08E316B8D0EE00AC2F84 /* Matchismo */ = {
			isa = PBXGroup;
			children = (
				94D9D20516B8E3A300CB6E14 /* Model */,
				94EC08F516B8D0EE00AC2F84 /* MainStoryboard.storyboard */,
				94EC08F816B8D0EE00AC2F84 /* CardGameViewController.h */,
				94EC08F916B8D0EE00AC2F84 /* CardGameViewController.m */,
				949DF02B16CADDED00D0EEA8 /* MatchGameViewController.h */,
				949DF02C16CADDED00D0EEA8 /* MatchGameViewController.m */,
				944F36E716CAED9600AB14E6 /* SetGameViewController.h */,
				944F36E816CAED9600AB14E6 /* SetGameViewController.m */,
				948384BC16C45BFD00BE22F2 /* GameResultViewController.h */,
				948384BD16C45BFD00BE22F2 /* GameResultViewController.m */,
				94DAB9E716C569F3002BFEDB /* GameResult.h */,
				94DAB9E816C569F3002BFEDB /* GameResult.m */,
				94AE676B16CA9A670006550D /* SettingsViewController.h */,
				94AE676C16CA9A670006550D /* SettingsViewController.m */,
				949DF02816CAAC4400D0EEA8 /* Settings.h */,
				949DF02916CAAC4400D0EEA8 /* Settings.m */,
				94EC08E416B8D0EE00AC2F84 /* Supporting Files */,
			);
			path = Matchismo;
			sourceTree = "<group>";
		};
		94EC08E416B8D0EE00AC2F84 /* Supporting Files */ = {
			isa = PBXGroup;
			children = (
				94AE676E16CA9F190006550D /* gear_30x30.png */,
				94AE676F16CA9F190006550D /* gear_60x60.png */,
				94AE676716C8518C0006550D /* trophy_30x30.png */,
				94AE676816C8518C0006550D /* trophy_60x60.png */,
				94AE676516C806690006550D /* cardHighlight.png */,
				94AE676316C7059C0006550D /* cardback.png */,
				940B05E016C458B5003D5F41 /* spade_30x30.png */,
				940B05E116C458B5003D5F41 /* spade_60x60.png */,
				940B05E416C45A39003D5F41 /* square_30x30.png */,
				940B05E516C45A39003D5F41 /* square_60x60.png */,
				94EC08EC16B8D0EE00AC2F84 /* CardGameAppDelegate.h */,
				94EC08ED16B8D0EE00AC2F84 /* CardGameAppDelegate.m */,
				94EC08E516B8D0EE00AC2F84 /* Matchismo-Info.plist */,
				94EC08E616B8D0EE00AC2F84 /* InfoPlist.strings */,
				94EC08E916B8D0EE00AC2F84 /* main.m */,
				94EC08EB16B8D0EE00AC2F84 /* Matchismo-Prefix.pch */,
				94EC08EF16B8D0EE00AC2F84 /* Default.png */,
				94EC08F116B8D0EE00AC2F84 /* Default@2x.png */,
				94EC08F316B8D0EE00AC2F84 /* Default-568h@2x.png */,
			);
			name = "Supporting Files";
			sourceTree = "<group>";
		};
/* End PBXGroup section */

/* Begin PBXNativeTarget section */
		94EC08D816B8D0EE00AC2F84 /* Matchismo */ = {
			isa = PBXNativeTarget;
			buildConfigurationList = 94EC08FD16B8D0EE00AC2F84 /* Build configuration list for PBXNativeTarget "Matchismo" */;
			buildPhases = (
				94EC08D516B8D0EE00AC2F84 /* Sources */,
				94EC08D616B8D0EE00AC2F84 /* Frameworks */,
				94EC08D716B8D0EE00AC2F84 /* Resources */,
			);
			buildRules = (
			);
			dependencies = (
			);
			name = Matchismo;
			productName = Matchismo;
			productReference = 94EC08D916B8D0EE00AC2F84 /* Matchismo.app */;
			productType = "com.apple.product-type.application";
		};
/* End PBXNativeTarget section */

/* Begin PBXProject section */
		94EC08D016B8D0EE00AC2F84 /* Project object */ = {
			isa = PBXProject;
			attributes = {
				CLASSPREFIX = CardGame;
				LastUpgradeCheck = 0450;
				ORGANIZATIONNAME = RZGamer;
			};
			buildConfigurationList = 94EC08D316B8D0EE00AC2F84 /* Build configuration list for PBXProject "Matchismo" */;
			compatibilityVersion = "Xcode 3.2";
			developmentRegion = English;
			hasScannedForEncodings = 0;
			knownRegions = (
				en,
			);
			mainGroup = 94EC08CE16B8D0EE00AC2F84;
			productRefGroup = 94EC08DA16B8D0EE00AC2F84 /* Products */;
			projectDirPath = "";
			projectRoot = "";
			targets = (
				94EC08D816B8D0EE00AC2F84 /* Matchismo */,
			);
		};
/* End PBXProject section */

/* Begin PBXResourcesBuildPhase section */
		94EC08D716B8D0EE00AC2F84 /* Resources */ = {
			isa = PBXResourcesBuildPhase;
			buildActionMask = 2147483647;
			files = (
				94EC08E816B8D0EE00AC2F84 /* InfoPlist.strings in Resources */,
				94EC08F016B8D0EE00AC2F84 /* Default.png in Resources */,
				94EC08F216B8D0EE00AC2F84 /* Default@2x.png in Resources */,
				94EC08F416B8D0EE00AC2F84 /* Default-568h@2x.png in Resources */,
				94EC08F716B8D0EE00AC2F84 /* MainStoryboard.storyboard in Resources */,
				940B05E216C458B5003D5F41 /* spade_30x30.png in Resources */,
				940B05E316C458B5003D5F41 /* spade_60x60.png in Resources */,
				940B05E616C45A39003D5F41 /* square_30x30.png in Resources */,
				940B05E716C45A39003D5F41 /* square_60x60.png in Resources */,
				94AE676416C7059C0006550D /* cardback.png in Resources */,
				94AE676616C806690006550D /* cardHighlight.png in Resources */,
				94AE676916C8518C0006550D /* trophy_30x30.png in Resources */,
				94AE676A16C8518C0006550D /* trophy_60x60.png in Resources */,
				94AE677016CA9F190006550D /* gear_30x30.png in Resources */,
				94AE677116CA9F190006550D /* gear_60x60.png in Resources */,
			);
			runOnlyForDeploymentPostprocessing = 0;
		};
/* End PBXResourcesBuildPhase section */

/* Begin PBXSourcesBuildPhase section */
		94EC08D516B8D0EE00AC2F84 /* Sources */ = {
			isa = PBXSourcesBuildPhase;
			buildActionMask = 2147483647;
			files = (
				94EC08EA16B8D0EE00AC2F84 /* main.m in Sources */,
				94EC08EE16B8D0EE00AC2F84 /* CardGameAppDelegate.m in Sources */,
				94EC08FA16B8D0EE00AC2F84 /* CardGameViewController.m in Sources */,
				94D9D20116B8E36E00CB6E14 /* Card.m in Sources */,
				94D9D20416B8E39C00CB6E14 /* Deck.m in Sources */,
				94D9D20816B8E3DD00CB6E14 /* PlayingCard.m in Sources */,
				94D9D20B16B8E47F00CB6E14 /* PlayingCardDeck.m in Sources */,
				94C4C0A916B9A44300754D57 /* CardMatchingGame.m in Sources */,
				945770B216C30B1800FDDD84 /* SetCard.m in Sources */,
				945770B516C312D900FDDD84 /* SetCardDeck.m in Sources */,
				948384BE16C45BFD00BE22F2 /* GameResultViewController.m in Sources */,
				94DAB9E916C569F3002BFEDB /* GameResult.m in Sources */,
				94AE676D16CA9A670006550D /* SettingsViewController.m in Sources */,
				949DF02A16CAAC4400D0EEA8 /* Settings.m in Sources */,
				949DF02D16CADDED00D0EEA8 /* MatchGameViewController.m in Sources */,
				944F36E916CAED9600AB14E6 /* SetGameViewController.m in Sources */,
			);
			runOnlyForDeploymentPostprocessing = 0;
		};
/* End PBXSourcesBuildPhase section */

/* Begin PBXVariantGroup section */
		94EC08E616B8D0EE00AC2F84 /* InfoPlist.strings */ = {
			isa = PBXVariantGroup;
			children = (
				94EC08E716B8D0EE00AC2F84 /* en */,
			);
			name = InfoPlist.strings;
			sourceTree = "<group>";
		};
		94EC08F516B8D0EE00AC2F84 /* MainStoryboard.storyboard */ = {
			isa = PBXVariantGroup;
			children = (
				94EC08F616B8D0EE00AC2F84 /* en */,
			);
			name = MainStoryboard.storyboard;
			sourceTree = "<group>";
		};
/* End PBXVariantGroup section */

/* Begin XCBuildConfiguration section */
		94EC08FB16B8D0EE00AC2F84 /* Debug */ = {
			isa = XCBuildConfiguration;
			buildSettings = {
				ALWAYS_SEARCH_USER_PATHS = NO;
				CLANG_CXX_LANGUAGE_STANDARD = "gnu++0x";
				CLANG_CXX_LIBRARY = "libc++";
				CLANG_ENABLE_OBJC_ARC = YES;
				CLANG_WARN_EMPTY_BODY = YES;
				CLANG_WARN__DUPLICATE_METHOD_MATCH = YES;
				"CODE_SIGN_IDENTITY[sdk=iphoneos*]" = "iPhone Developer";
				COPY_PHASE_STRIP = NO;
				GCC_C_LANGUAGE_STANDARD = gnu99;
				GCC_DYNAMIC_NO_PIC = NO;
				GCC_OPTIMIZATION_LEVEL = 0;
				GCC_PREPROCESSOR_DEFINITIONS = (
					"DEBUG=1",
					"$(inherited)",
				);
				GCC_SYMBOLS_PRIVATE_EXTERN = NO;
				GCC_WARN_ABOUT_RETURN_TYPE = YES;
				GCC_WARN_UNINITIALIZED_AUTOS = YES;
				GCC_WARN_UNUSED_VARIABLE = YES;
				IPHONEOS_DEPLOYMENT_TARGET = 6.0;
				ONLY_ACTIVE_ARCH = YES;
				SDKROOT = iphoneos;
			};
			name = Debug;
		};
		94EC08FC16B8D0EE00AC2F84 /* Release */ = {
			isa = XCBuildConfiguration;
			buildSettings = {
				ALWAYS_SEARCH_USER_PATHS = NO;
				CLANG_CXX_LANGUAGE_STANDARD = "gnu++0x";
				CLANG_CXX_LIBRARY = "libc++";
				CLANG_ENABLE_OBJC_ARC = YES;
				CLANG_WARN_EMPTY_BODY = YES;
				CLANG_WARN__DUPLICATE_METHOD_MATCH = YES;
				"CODE_SIGN_IDENTITY[sdk=iphoneos*]" = "iPhone Developer";
				COPY_PHASE_STRIP = YES;
				GCC_C_LANGUAGE_STANDARD = gnu99;
				GCC_WARN_ABOUT_RETURN_TYPE = YES;
				GCC_WARN_UNINITIALIZED_AUTOS = YES;
				GCC_WARN_UNUSED_VARIABLE = YES;
				IPHONEOS_DEPLOYMENT_TARGET = 6.0;
				OTHER_CFLAGS = "-DNS_BLOCK_ASSERTIONS=1";
				SDKROOT = iphoneos;
				VALIDATE_PRODUCT = YES;
			};
			name = Release;
		};
		94EC08FE16B8D0EE00AC2F84 /* Debug */ = {
			isa = XCBuildConfiguration;
			buildSettings = {
				GCC_PRECOMPILE_PREFIX_HEADER = YES;
				GCC_PREFIX_HEADER = "Matchismo/Matchismo-Prefix.pch";
				INFOPLIST_FILE = "Matchismo/Matchismo-Info.plist";
				PRODUCT_NAME = "$(TARGET_NAME)";
				WRAPPER_EXTENSION = app;
			};
			name = Debug;
		};
		94EC08FF16B8D0EE00AC2F84 /* Release */ = {
			isa = XCBuildConfiguration;
			buildSettings = {
				GCC_PRECOMPILE_PREFIX_HEADER = YES;
				GCC_PREFIX_HEADER = "Matchismo/Matchismo-Prefix.pch";
				INFOPLIST_FILE = "Matchismo/Matchismo-Info.plist";
				PRODUCT_NAME = "$(TARGET_NAME)";
				WRAPPER_EXTENSION = app;
			};
			name = Release;
		};
/* End XCBuildConfiguration section */

/* Begin XCConfigurationList section */
		94EC08D316B8D0EE00AC2F84 /* Build configuration list for PBXProject "Matchismo" */ = {
			isa = XCConfigurationList;
			buildConfigurations = (
				94EC08FB16B8D0EE00AC2F84 /* Debug */,
				94EC08FC16B8D0EE00AC2F84 /* Release */,
			);
			defaultConfigurationIsVisible = 0;
			defaultConfigurationName = Release;
		};
		94EC08FD16B8D0EE00AC2F84 /* Build configuration list for PBXNativeTarget "Matchismo" */ = {
			isa = XCConfigurationList;
			buildConfigurations = (
				94EC08FE16B8D0EE00AC2F84 /* Debug */,
				94EC08FF16B8D0EE00AC2F84 /* Release */,
			);
			defaultConfigurationIsVisible = 0;
			defaultConfigurationName = Release;
		};
/* End XCConfigurationList section */
	};
	rootObject = 94EC08D016B8D0EE00AC2F84 /* Project object */;
}
